
Microsoft Visual Studio Solution File, Format Version 12.00
# Visual Studio Version 16
VisualStudioVersion = 16.0.30907.101
MinimumVisualStudioVersion = 10.0.40219.1
Project("{FAE04EC0-301F-11D3-BF4B-00C04F79EFBC}") = "SortingProject", "SortingProject.csproj", "{145243BD-A306-462D-8BF9-ECC73F4413AC}"
EndProject
Global
	GlobalSection(SolutionConfigurationPlatforms) = preSolution
		Debug|Any CPU = Debug|Any CPU
		Release|Any CPU = Release|Any CPU
	EndGlobalSection
	GlobalSection(ProjectConfigurationPlatforms) = postSolution
		{145243BD-A306-462D-8BF9-ECC73F4413AC}.Debug|Any CPU.ActiveCfg = Debug|Any CPU
		{145243BD-A306-462D-8BF9-ECC73F4413AC}.Debug|Any CPU.Build.0 = Debug|Any CPU
		{145243BD-A306-462D-8BF9-ECC73F4413AC}.Release|Any CPU.ActiveCfg = Release|Any CPU
		{145243BD-A306-462D-8BF9-ECC73F4413AC}.Release|Any CPU.Build.0 = Release|Any CPU
	EndGlobalSection
	GlobalSection(SolutionProperties) = preSolution
		HideSolutionNode = FALSE
	EndGlobalSection
	GlobalSection(ExtensibilityGlobals) = postSolution
		SolutionGuid = {B3A4C045-D4A1-4C6F-B91D-EE0AEB725494}
	EndGlobalSection
EndGlobal
